
Microsoft Visual Studio Solution File, Format Version 12.00
# Visual Studio Version 16
VisualStudioVersion = 16.0.31829.152
MinimumVisualStudioVersion = 10.0.40219.1
Project("{FAE04EC0-301F-11D3-BF4B-00C04F79EFBC}") = "Homework", "Homework\Homework.csproj", "{1F5CA844-2539-4293-96D8-030DA0894EEA}"
EndProject
Global
	GlobalSection(SolutionConfigurationPlatforms) = preSolution
		Debug|Any CPU = Debug|Any CPU
		Release|Any CPU = Release|Any CPU
	EndGlobalSection
	GlobalSection(ProjectConfigurationPlatforms) = postSolution
		{1F5CA844-2539-4293-96D8-030DA0894EEA}.Debug|Any CPU.ActiveCfg = Debug|Any CPU
		{1F5CA844-2539-4293-96D8-030DA0894EEA}.Debug|Any CPU.Build.0 = Debug|Any CPU
		{1F5CA844-2539-4293-96D8-030DA0894EEA}.Release|Any CPU.ActiveCfg = Release|Any CPU
		{1F5CA844-2539-4293-96D8-030DA0894EEA}.Release|Any CPU.Build.0 = Release|Any CPU
	EndGlobalSection
	GlobalSection(SolutionProperties) = preSolution
		HideSolutionNode = FALSE
	EndGlobalSection
	GlobalSection(ExtensibilityGlobals) = postSolution
		SolutionGuid = {24DC909F-1FC7-480E-BEA8-01694655D96D}
	EndGlobalSection
EndGlobal
